// !$*UTF8*$!
{
	archiveVersion = 1;
	classes = {
	};
	objectVersion = 46;
	objects = {

/* Begin PBXBuildFile section */
		4F0CAF111EA1B141003568A8 /* BottomActionSheetView.swift in Sources */ = {isa = PBXBuildFile; fileRef = 4F0CAF101EA1B141003568A8 /* BottomActionSheetView.swift */; };
		4F0E50781EA1166600307BB2 /* AppDelegate.swift in Sources */ = {isa = PBXBuildFile; fileRef = 4F0E50771EA1166600307BB2 /* AppDelegate.swift */; };
		4F0E507A1EA1166600307BB2 /* ActionSheetViewController.swift in Sources */ = {isa = PBXBuildFile; fileRef = 4F0E50791EA1166600307BB2 /* ActionSheetViewController.swift */; };
		4F0E507D1EA1166600307BB2 /* Main.storyboard in Resources */ = {isa = PBXBuildFile; fileRef = 4F0E507B1EA1166600307BB2 /* Main.storyboard */; };
		4F0E507F1EA1166600307BB2 /* Assets.xcassets in Resources */ = {isa = PBXBuildFile; fileRef = 4F0E507E1EA1166600307BB2 /* Assets.xcassets */; };
		4F0E50821EA1166600307BB2 /* LaunchScreen.storyboard in Resources */ = {isa = PBXBuildFile; fileRef = 4F0E50801EA1166600307BB2 /* LaunchScreen.storyboard */; };
		4F0E508D1EA1166600307BB2 /* ActionSheetViewTests.swift in Sources */ = {isa = PBXBuildFile; fileRef = 4F0E508C1EA1166600307BB2 /* ActionSheetViewTests.swift */; };
		4F0E50981EA1166600307BB2 /* ActionSheetViewUITests.swift in Sources */ = {isa = PBXBuildFile; fileRef = 4F0E50971EA1166600307BB2 /* ActionSheetViewUITests.swift */; };
		4F792BA21EA1BB9200E27DE0 /* Localizable.strings in Resources */ = {isa = PBXBuildFile; fileRef = 4F792BA41EA1BB9200E27DE0 /* Localizable.strings */; };
/* End PBXBuildFile section */

/* Begin PBXContainerItemProxy section */
		4F0E50891EA1166600307BB2 /* PBXContainerItemProxy */ = {
			isa = PBXContainerItemProxy;
			containerPortal = 4F0E506C1EA1166600307BB2 /* Project object */;
			proxyType = 1;
			remoteGlobalIDString = 4F0E50731EA1166600307BB2;
			remoteInfo = ActionSheetView;
		};
		4F0E50941EA1166600307BB2 /* PBXContainerItemProxy */ = {
			isa = PBXContainerItemProxy;
			containerPortal = 4F0E506C1EA1166600307BB2 /* Project object */;
			proxyType = 1;
			remoteGlobalIDString = 4F0E50731EA1166600307BB2;
			remoteInfo = ActionSheetView;
		};
/* End PBXContainerItemProxy section */

/* Begin PBXFileReference section */
		4F0CAF101EA1B141003568A8 /* BottomActionSheetView.swift */ = {isa = PBXFileReference; fileEncoding = 4; lastKnownFileType = sourcecode.swift; path = BottomActionSheetView.swift; sourceTree = "<group>"; };
		4F0E50741EA1166600307BB2 /* ActionSheetView.app */ = {isa = PBXFileReference; explicitFileType = wrapper.application; includeInIndex = 0; path = ActionSheetView.app; sourceTree = BUILT_PRODUCTS_DIR; };
		4F0E50771EA1166600307BB2 /* AppDelegate.swift */ = {isa = PBXFileReference; lastKnownFileType = sourcecode.swift; path = AppDelegate.swift; sourceTree = "<group>"; };
		4F0E50791EA1166600307BB2 /* ActionSheetViewController.swift */ = {isa = PBXFileReference; lastKnownFileType = sourcecode.swift; path = ActionSheetViewController.swift; sourceTree = "<group>"; };
		4F0E507C1EA1166600307BB2 /* Base */ = {isa = PBXFileReference; lastKnownFileType = file.storyboard; name = Base; path = Base.lproj/Main.storyboard; sourceTree = "<group>"; };
		4F0E507E1EA1166600307BB2 /* Assets.xcassets */ = {isa = PBXFileReference; lastKnownFileType = folder.assetcatalog; path = Assets.xcassets; sourceTree = "<group>"; };
		4F0E50811EA1166600307BB2 /* Base */ = {isa = PBXFileReference; lastKnownFileType = file.storyboard; name = Base; path = Base.lproj/LaunchScreen.storyboard; sourceTree = "<group>"; };
		4F0E50831EA1166600307BB2 /* Info.plist */ = {isa = PBXFileReference; lastKnownFileType = text.plist.xml; path = Info.plist; sourceTree = "<group>"; };
		4F0E50881EA1166600307BB2 /* ActionSheetViewTests.xctest */ = {isa = PBXFileReference; explicitFileType = wrapper.cfbundle; includeInIndex = 0; path = ActionSheetViewTests.xctest; sourceTree = BUILT_PRODUCTS_DIR; };
		4F0E508C1EA1166600307BB2 /* ActionSheetViewTests.swift */ = {isa = PBXFileReference; lastKnownFileType = sourcecode.swift; path = ActionSheetViewTests.swift; sourceTree = "<group>"; };
		4F0E508E1EA1166600307BB2 /* Info.plist */ = {isa = PBXFileReference; lastKnownFileType = text.plist.xml; path = Info.plist; sourceTree = "<group>"; };
		4F0E50931EA1166600307BB2 /* ActionSheetViewUITests.xctest */ = {isa = PBXFileReference; explicitFileType = wrapper.cfbundle; includeInIndex = 0; path = ActionSheetViewUITests.xctest; sourceTree = BUILT_PRODUCTS_DIR; };
		4F0E50971EA1166600307BB2 /* ActionSheetViewUITests.swift */ = {isa = PBXFileReference; lastKnownFileType = sourcecode.swift; path = ActionSheetViewUITests.swift; sourceTree = "<group>"; };
		4F0E50991EA1166600307BB2 /* Info.plist */ = {isa = PBXFileReference; lastKnownFileType = text.plist.xml; path = Info.plist; sourceTree = "<group>"; };
		4F792BA31EA1BB9200E27DE0 /* en */ = {isa = PBXFileReference; lastKnownFileType = text.plist.strings; name = en; path = en.lproj/Localizable.strings; sourceTree = "<group>"; };
/* End PBXFileReference section */

/* Begin PBXFrameworksBuildPhase section */
		4F0E50711EA1166600307BB2 /* Frameworks */ = {
			isa = PBXFrameworksBuildPhase;
			buildActionMask = 2147483647;
			files = (
			);
			runOnlyForDeploymentPostprocessing = 0;
		};
		4F0E50851EA1166600307BB2 /* Frameworks */ = {
			isa = PBXFrameworksBuildPhase;
			buildActionMask = 2147483647;
			files = (
			);
			runOnlyForDeploymentPostprocessing = 0;
		};
		4F0E50901EA1166600307BB2 /* Frameworks */ = {
			isa = PBXFrameworksBuildPhase;
			buildActionMask = 2147483647;
			files = (
			);
			runOnlyForDeploymentPostprocessing = 0;
		};
/* End PBXFrameworksBuildPhase section */

/* Begin PBXGroup section */
		4F0CAF0F1EA1B12D003568A8 /* View */ = {
			isa = PBXGroup;
			children = (
				4F0CAF101EA1B141003568A8 /* BottomActionSheetView.swift */,
			);
			name = View;
			sourceTree = "<group>";
		};
		4F0E506B1EA1166600307BB2 = {
			isa = PBXGroup;
			children = (
				4F0E50761EA1166600307BB2 /* ActionSheetView */,
				4F0E508B1EA1166600307BB2 /* ActionSheetViewTests */,
				4F0E50961EA1166600307BB2 /* ActionSheetViewUITests */,
				4F0E50751EA1166600307BB2 /* Products */,
			);
			sourceTree = "<group>";
		};
		4F0E50751EA1166600307BB2 /* Products */ = {
			isa = PBXGroup;
			children = (
				4F0E50741EA1166600307BB2 /* ActionSheetView.app */,
				4F0E50881EA1166600307BB2 /* ActionSheetViewTests.xctest */,
				4F0E50931EA1166600307BB2 /* ActionSheetViewUITests.xctest */,
			);
			name = Products;
			sourceTree = "<group>";
		};
		4F0E50761EA1166600307BB2 /* ActionSheetView */ = {
			isa = PBXGroup;
			children = (
				4F0CAF0F1EA1B12D003568A8 /* View */,
				4F0E50771EA1166600307BB2 /* AppDelegate.swift */,
				4F0E50791EA1166600307BB2 /* ActionSheetViewController.swift */,
				4F0E507B1EA1166600307BB2 /* Main.storyboard */,
				4F0E507E1EA1166600307BB2 /* Assets.xcassets */,
				4F0E50801EA1166600307BB2 /* LaunchScreen.storyboard */,
				4F0E50831EA1166600307BB2 /* Info.plist */,
				4F792BA41EA1BB9200E27DE0 /* Localizable.strings */,
			);
			path = ActionSheetView;
			sourceTree = "<group>";
		};
		4F0E508B1EA1166600307BB2 /* ActionSheetViewTests */ = {
			isa = PBXGroup;
			children = (
				4F0E508C1EA1166600307BB2 /* ActionSheetViewTests.swift */,
				4F0E508E1EA1166600307BB2 /* Info.plist */,
			);
			path = ActionSheetViewTests;
			sourceTree = "<group>";
		};
		4F0E50961EA1166600307BB2 /* ActionSheetViewUITests */ = {
			isa = PBXGroup;
			children = (
				4F0E50971EA1166600307BB2 /* ActionSheetViewUITests.swift */,
				4F0E50991EA1166600307BB2 /* Info.plist */,
			);
			path = ActionSheetViewUITests;
			sourceTree = "<group>";
		};
/* End PBXGroup section */

/* Begin PBXNativeTarget section */
		4F0E50731EA1166600307BB2 /* ActionSheetView */ = {
			isa = PBXNativeTarget;
			buildConfigurationList = 4F0E509C1EA1166600307BB2 /* Build configuration list for PBXNativeTarget "ActionSheetView" */;
			buildPhases = (
				4F0E50701EA1166600307BB2 /* Sources */,
				4F0E50711EA1166600307BB2 /* Frameworks */,
				4F0E50721EA1166600307BB2 /* Resources */,
			);
			buildRules = (
			);
			dependencies = (
			);
			name = ActionSheetView;
			productName = ActionSheetView;
			productReference = 4F0E50741EA1166600307BB2 /* ActionSheetView.app */;
			productType = "com.apple.product-type.application";
		};
		4F0E50871EA1166600307BB2 /* ActionSheetViewTests */ = {
			isa = PBXNativeTarget;
			buildConfigurationList = 4F0E509F1EA1166600307BB2 /* Build configuration list for PBXNativeTarget "ActionSheetViewTests" */;
			buildPhases = (
				4F0E50841EA1166600307BB2 /* Sources */,
				4F0E50851EA1166600307BB2 /* Frameworks */,
				4F0E50861EA1166600307BB2 /* Resources */,
			);
			buildRules = (
			);
			dependencies = (
				4F0E508A1EA1166600307BB2 /* PBXTargetDependency */,
			);
			name = ActionSheetViewTests;
			productName = ActionSheetViewTests;
			productReference = 4F0E50881EA1166600307BB2 /* ActionSheetViewTests.xctest */;
			productType = "com.apple.product-type.bundle.unit-test";
		};
		4F0E50921EA1166600307BB2 /* ActionSheetViewUITests */ = {
			isa = PBXNativeTarget;
			buildConfigurationList = 4F0E50A21EA1166600307BB2 /* Build configuration list for PBXNativeTarget "ActionSheetViewUITests" */;
			buildPhases = (
				4F0E508F1EA1166600307BB2 /* Sources */,
				4F0E50901EA1166600307BB2 /* Frameworks */,
				4F0E50911EA1166600307BB2 /* Resources */,
			);
			buildRules = (
			);
			dependencies = (
				4F0E50951EA1166600307BB2 /* PBXTargetDependency */,
			);
			name = ActionSheetViewUITests;
			productName = ActionSheetViewUITests;
			productReference = 4F0E50931EA1166600307BB2 /* ActionSheetViewUITests.xctest */;
			productType = "com.apple.product-type.bundle.ui-testing";
		};
/* End PBXNativeTarget section */

/* Begin PBXProject section */
		4F0E506C1EA1166600307BB2 /* Project object */ = {
			isa = PBXProject;
			attributes = {
				LastSwiftUpdateCheck = 0810;
				LastUpgradeCheck = 0810;
				ORGANIZATIONNAME = Judson;
				TargetAttributes = {
					4F0E50731EA1166600307BB2 = {
						CreatedOnToolsVersion = 8.1;
						DevelopmentTeam = W7SG65YH8Q;
						ProvisioningStyle = Automatic;
					};
					4F0E50871EA1166600307BB2 = {
						CreatedOnToolsVersion = 8.1;
						DevelopmentTeam = W7SG65YH8Q;
						ProvisioningStyle = Automatic;
						TestTargetID = 4F0E50731EA1166600307BB2;
					};
					4F0E50921EA1166600307BB2 = {
						CreatedOnToolsVersion = 8.1;
						DevelopmentTeam = W7SG65YH8Q;
						ProvisioningStyle = Automatic;
						TestTargetID = 4F0E50731EA1166600307BB2;
					};
				};
			};
			buildConfigurationList = 4F0E506F1EA1166600307BB2 /* Build configuration list for PBXProject "ActionSheetView" */;
			compatibilityVersion = "Xcode 3.2";
			developmentRegion = English;
			hasScannedForEncodings = 0;
			knownRegions = (
				en,
				Base,
			);
			mainGroup = 4F0E506B1EA1166600307BB2;
			productRefGroup = 4F0E50751EA1166600307BB2 /* Products */;
			projectDirPath = "";
			projectRoot = "";
			targets = (
				4F0E50731EA1166600307BB2 /* ActionSheetView */,
				4F0E50871EA1166600307BB2 /* ActionSheetViewTests */,
				4F0E50921EA1166600307BB2 /* ActionSheetViewUITests */,
			);
		};
/* End PBXProject section */

/* Begin PBXResourcesBuildPhase section */
		4F0E50721EA1166600307BB2 /* Resources */ = {
			isa = PBXResourcesBuildPhase;
			buildActionMask = 2147483647;
			files = (
				4F0E50821EA1166600307BB2 /* LaunchScreen.storyboard in Resources */,
				4F792BA21EA1BB9200E27DE0 /* Localizable.strings in Resources */,
				4F0E507F1EA1166600307BB2 /* Assets.xcassets in Resources */,
				4F0E507D1EA1166600307BB2 /* Main.storyboard in Resources */,
			);
			runOnlyForDeploymentPostprocessing = 0;
		};
		4F0E50861EA1166600307BB2 /* Resources */ = {
			isa = PBXResourcesBuildPhase;
			buildActionMask = 2147483647;
			files = (
			);
			runOnlyForDeploymentPostprocessing = 0;
		};
		4F0E50911EA1166600307BB2 /* Resources */ = {
			isa = PBXResourcesBuildPhase;
			buildActionMask = 2147483647;
			files = (
			);
			runOnlyForDeploymentPostprocessing = 0;
		};
/* End PBXResourcesBuildPhase section */

/* Begin PBXSourcesBuildPhase section */
		4F0E50701EA1166600307BB2 /* Sources */ = {
			isa = PBXSourcesBuildPhase;
			buildActionMask = 2147483647;
			files = (
				4F0E507A1EA1166600307BB2 /* ActionSheetViewController.swift in Sources */,
				4F0E50781EA1166600307BB2 /* AppDelegate.swift in Sources */,
				4F0CAF111EA1B141003568A8 /* BottomActionSheetView.swift in Sources */,
			);
			runOnlyForDeploymentPostprocessing = 0;
		};
		4F0E50841EA1166600307BB2 /* Sources */ = {
			isa = PBXSourcesBuildPhase;
			buildActionMask = 2147483647;
			files = (
				4F0E508D1EA1166600307BB2 /* ActionSheetViewTests.swift in Sources */,
			);
			runOnlyForDeploymentPostprocessing = 0;
		};
		4F0E508F1EA1166600307BB2 /* Sources */ = {
			isa = PBXSourcesBuildPhase;
			buildActionMask = 2147483647;
			files = (
				4F0E50981EA1166600307BB2 /* ActionSheetViewUITests.swift in Sources */,
			);
			runOnlyForDeploymentPostprocessing = 0;
		};
/* End PBXSourcesBuildPhase section */

/* Begin PBXTargetDependency section */
		4F0E508A1EA1166600307BB2 /* PBXTargetDependency */ = {
			isa = PBXTargetDependency;
			target = 4F0E50731EA1166600307BB2 /* ActionSheetView */;
			targetProxy = 4F0E50891EA1166600307BB2 /* PBXContainerItemProxy */;
		};
		4F0E50951EA1166600307BB2 /* PBXTargetDependency */ = {
			isa = PBXTargetDependency;
			target = 4F0E50731EA1166600307BB2 /* ActionSheetView */;
			targetProxy = 4F0E50941EA1166600307BB2 /* PBXContainerItemProxy */;
		};
/* End PBXTargetDependency section */

/* Begin PBXVariantGroup section */
		4F0E507B1EA1166600307BB2 /* Main.storyboard */ = {
			isa = PBXVariantGroup;
			children = (
				4F0E507C1EA1166600307BB2 /* Base */,
			);
			name = Main.storyboard;
			sourceTree = "<group>";
		};
		4F0E50801EA1166600307BB2 /* LaunchScreen.storyboard */ = {
			isa = PBXVariantGroup;
			children = (
				4F0E50811EA1166600307BB2 /* Base */,
			);
			name = LaunchScreen.storyboard;
			sourceTree = "<group>";
		};
		4F792BA41EA1BB9200E27DE0 /* Localizable.strings */ = {
			isa = PBXVariantGroup;
			children = (
				4F792BA31EA1BB9200E27DE0 /* en */,
			);
			name = Localizable.strings;
			sourceTree = "<group>";
		};
/* End PBXVariantGroup section */

/* Begin XCBuildConfiguration section */
		4F0E509A1EA1166600307BB2 /* Debug */ = {
			isa = XCBuildConfiguration;
			buildSettings = {
				ALWAYS_SEARCH_USER_PATHS = NO;
				CLANG_ANALYZER_LOCALIZABILITY_NONLOCALIZED = YES;
				CLANG_ANALYZER_NONNULL = YES;
				CLANG_CXX_LANGUAGE_STANDARD = "gnu++0x";
				CLANG_CXX_LIBRARY = "libc++";
				CLANG_ENABLE_MODULES = YES;
				CLANG_ENABLE_OBJC_ARC = YES;
				CLANG_WARN_BOOL_CONVERSION = YES;
				CLANG_WARN_CONSTANT_CONVERSION = YES;
				CLANG_WARN_DIRECT_OBJC_ISA_USAGE = YES_ERROR;
				CLANG_WARN_DOCUMENTATION_COMMENTS = YES;
				CLANG_WARN_EMPTY_BODY = YES;
				CLANG_WARN_ENUM_CONVERSION = YES;
				CLANG_WARN_INFINITE_RECURSION = YES;
				CLANG_WARN_INT_CONVERSION = YES;
				CLANG_WARN_OBJC_ROOT_CLASS = YES_ERROR;
				CLANG_WARN_SUSPICIOUS_MOVES = YES;
				CLANG_WARN_UNREACHABLE_CODE = YES;
				CLANG_WARN__DUPLICATE_METHOD_MATCH = YES;
				"CODE_SIGN_IDENTITY[sdk=iphoneos*]" = "iPhone Developer";
				COPY_PHASE_STRIP = NO;
				DEBUG_INFORMATION_FORMAT = dwarf;
				ENABLE_STRICT_OBJC_MSGSEND = YES;
				ENABLE_TESTABILITY = YES;
				GCC_C_LANGUAGE_STANDARD = gnu99;
				GCC_DYNAMIC_NO_PIC = NO;
				GCC_NO_COMMON_BLOCKS = YES;
				GCC_OPTIMIZATION_LEVEL = 0;
				GCC_PREPROCESSOR_DEFINITIONS = (
					"DEBUG=1",
					"$(inherited)",
				);
				GCC_WARN_64_TO_32_BIT_CONVERSION = YES;
				GCC_WARN_ABOUT_RETURN_TYPE = YES_ERROR;
				GCC_WARN_UNDECLARED_SELECTOR = YES;
				GCC_WARN_UNINITIALIZED_AUTOS = YES_AGGRESSIVE;
				GCC_WARN_UNUSED_FUNCTION = YES;
				GCC_WARN_UNUSED_VARIABLE = YES;
				IPHONEOS_DEPLOYMENT_TARGET = 10.1;
				MTL_ENABLE_DEBUG_INFO = YES;
				ONLY_ACTIVE_ARCH = YES;
				SDKROOT = iphoneos;
				SWIFT_ACTIVE_COMPILATION_CONDITIONS = DEBUG;
				SWIFT_OPTIMIZATION_LEVEL = "-Onone";
				TARGETED_DEVICE_FAMILY = "1,2";
			};
			name = Debug;
		};
		4F0E509B1EA1166600307BB2 /* Release */ = {
			isa = XCBuildConfiguration;
			buildSettings = {
				ALWAYS_SEARCH_USER_PATHS = NO;
				CLANG_ANALYZER_LOCALIZABILITY_NONLOCALIZED = YES;
				CLANG_ANALYZER_NONNULL = YES;
				CLANG_CXX_LANGUAGE_STANDARD = "gnu++0x";
				CLANG_CXX_LIBRARY = "libc++";
				CLANG_ENABLE_MODULES = YES;
				CLANG_ENABLE_OBJC_ARC = YES;
				CLANG_WARN_BOOL_CONVERSION = YES;
				CLANG_WARN_CONSTANT_CONVERSION = YES;
				CLANG_WARN_DIRECT_OBJC_ISA_USAGE = YES_ERROR;
				CLANG_WARN_DOCUMENTATION_COMMENTS = YES;
				CLANG_WARN_EMPTY_BODY = YES;
				CLANG_WARN_ENUM_CONVERSION = YES;
				CLANG_WARN_INFINITE_RECURSION = YES;
				CLANG_WARN_INT_CONVERSION = YES;
				CLANG_WARN_OBJC_ROOT_CLASS = YES_ERROR;
				CLANG_WARN_SUSPICIOUS_MOVES = YES;
				CLANG_WARN_UNREACHABLE_CODE = YES;
				CLANG_WARN__DUPLICATE_METHOD_MATCH = YES;
				"CODE_SIGN_IDENTITY[sdk=iphoneos*]" = "iPhone Developer";
				COPY_PHASE_STRIP = NO;
				DEBUG_INFORMATION_FORMAT = "dwarf-with-dsym";
				ENABLE_NS_ASSERTIONS = NO;
				ENABLE_STRICT_OBJC_MSGSEND = YES;
				GCC_C_LANGUAGE_STANDARD = gnu99;
				GCC_NO_COMMON_BLOCKS = YES;
				GCC_WARN_64_TO_32_BIT_CONVERSION = YES;
				GCC_WARN_ABOUT_RETURN_TYPE = YES_ERROR;
				GCC_WARN_UNDECLARED_SELECTOR = YES;
				GCC_WARN_UNINITIALIZED_AUTOS = YES_AGGRESSIVE;
				GCC_WARN_UNUSED_FUNCTION = YES;
				GCC_WARN_UNUSED_VARIABLE = YES;
				IPHONEOS_DEPLOYMENT_TARGET = 10.1;
				MTL_ENABLE_DEBUG_INFO = NO;
				SDKROOT = iphoneos;
				SWIFT_OPTIMIZATION_LEVEL = "-Owholemodule";
				TARGETED_DEVICE_FAMILY = "1,2";
				VALIDATE_PRODUCT = YES;
			};
			name = Release;
		};
		4F0E509D1EA1166600307BB2 /* Debug */ = {
			isa = XCBuildConfiguration;
			buildSettings = {
				ASSETCATALOG_COMPILER_APPICON_NAME = AppIcon;
				DEVELOPMENT_TEAM = W7SG65YH8Q;
				INFOPLIST_FILE = ActionSheetView/Info.plist;
				LD_RUNPATH_SEARCH_PATHS = "$(inherited) @executable_path/Frameworks";
				PRODUCT_BUNDLE_IDENTIFIER = com.chenenhu.ActionSheetView;
				PRODUCT_NAME = "$(TARGET_NAME)";
				SWIFT_VERSION = 3.0;
			};
			name = Debug;
		};
		4F0E509E1EA1166600307BB2 /* Release */ = {
			isa = XCBuildConfiguration;
			buildSettings = {
				ASSETCATALOG_COMPILER_APPICON_NAME = AppIcon;
				DEVELOPMENT_TEAM = W7SG65YH8Q;
				INFOPLIST_FILE = ActionSheetView/Info.plist;
				LD_RUNPATH_SEARCH_PATHS = "$(inherited) @executable_path/Frameworks";
				PRODUCT_BUNDLE_IDENTIFIER = com.chenenhu.ActionSheetView;
				PRODUCT_NAME = "$(TARGET_NAME)";
				SWIFT_VERSION = 3.0;
			};
			name = Release;
		};
		4F0E50A01EA1166600307BB2 /* Debug */ = {
			isa = XCBuildConfiguration;
			buildSettings = {
				ALWAYS_EMBED_SWIFT_STANDARD_LIBRARIES = YES;
				BUNDLE_LOADER = "$(TEST_HOST)";
				DEVELOPMENT_TEAM = W7SG65YH8Q;
				INFOPLIST_FILE = ActionSheetViewTests/Info.plist;
				LD_RUNPATH_SEARCH_PATHS = "$(inherited) @executable_path/Frameworks @loader_path/Frameworks";
				PRODUCT_BUNDLE_IDENTIFIER = com.chenenhu.ActionSheetViewTests;
				PRODUCT_NAME = "$(TARGET_NAME)";
				SWIFT_VERSION = 3.0;
				TEST_HOST = "$(BUILT_PRODUCTS_DIR)/ActionSheetView.app/ActionSheetView";
			};
			name = Debug;
		};
		4F0E50A11EA1166600307BB2 /* Release */ = {
			isa = XCBuildConfiguration;
			buildSettings = {
				ALWAYS_EMBED_SWIFT_STANDARD_LIBRARIES = YES;
				BUNDLE_LOADER = "$(TEST_HOST)";
				DEVELOPMENT_TEAM = W7SG65YH8Q;
				INFOPLIST_FILE = ActionSheetViewTests/Info.plist;
				LD_RUNPATH_SEARCH_PATHS = "$(inherited) @executable_path/Frameworks @loader_path/Frameworks";
				PRODUCT_BUNDLE_IDENTIFIER = com.chenenhu.ActionSheetViewTests;
				PRODUCT_NAME = "$(TARGET_NAME)";
				SWIFT_VERSION = 3.0;
				TEST_HOST = "$(BUILT_PRODUCTS_DIR)/ActionSheetView.app/ActionSheetView";
			};
			name = Release;
		};
		4F0E50A31EA1166600307BB2 /* Debug */ = {
			isa = XCBuildConfiguration;
			buildSettings = {
				ALWAYS_EMBED_SWIFT_STANDARD_LIBRARIES = YES;
				DEVELOPMENT_TEAM = W7SG65YH8Q;
				INFOPLIST_FILE = ActionSheetViewUITests/Info.plist;
				LD_RUNPATH_SEARCH_PATHS = "$(inherited) @executable_path/Frameworks @loader_path/Frameworks";
				PRODUCT_BUNDLE_IDENTIFIER = com.chenenhu.ActionSheetViewUITests;
				PRODUCT_NAME = "$(TARGET_NAME)";
				SWIFT_VERSION = 3.0;
				TEST_TARGET_NAME = ActionSheetView;
			};
			name = Debug;
		};
		4F0E50A41EA1166600307BB2 /* Release */ = {
			isa = XCBuildConfiguration;
			buildSettings = {
				ALWAYS_EMBED_SWIFT_STANDARD_LIBRARIES = YES;
				DEVELOPMENT_TEAM = W7SG65YH8Q;
				INFOPLIST_FILE = ActionSheetViewUITests/Info.plist;
				LD_RUNPATH_SEARCH_PATHS = "$(inherited) @executable_path/Frameworks @loader_path/Frameworks";
				PRODUCT_BUNDLE_IDENTIFIER = com.chenenhu.ActionSheetViewUITests;
				PRODUCT_NAME = "$(TARGET_NAME)";
				SWIFT_VERSION = 3.0;
				TEST_TARGET_NAME = ActionSheetView;
			};
			name = Release;
		};
/* End XCBuildConfiguration section */

/* Begin XCConfigurationList section */
		4F0E506F1EA1166600307BB2 /* Build configuration list for PBXProject "ActionSheetView" */ = {
			isa = XCConfigurationList;
			buildConfigurations = (
				4F0E509A1EA1166600307BB2 /* Debug */,
				4F0E509B1EA1166600307BB2 /* Release */,
			);
			defaultConfigurationIsVisible = 0;
			defaultConfigurationName = Release;
		};
		4F0E509C1EA1166600307BB2 /* Build configuration list for PBXNativeTarget "ActionSheetView" */ = {
			isa = XCConfigurationList;
			buildConfigurations = (
				4F0E509D1EA1166600307BB2 /* Debug */,
				4F0E509E1EA1166600307BB2 /* Release */,
			);
			defaultConfigurationIsVisible = 0;
			defaultConfigurationName = Release;
		};
		4F0E509F1EA1166600307BB2 /* Build configuration list for PBXNativeTarget "ActionSheetViewTests" */ = {
			isa = XCConfigurationList;
			buildConfigurations = (
				4F0E50A01EA1166600307BB2 /* Debug */,
				4F0E50A11EA1166600307BB2 /* Release */,
			);
			defaultConfigurationIsVisible = 0;
			defaultConfigurationName = Release;
		};
		4F0E50A21EA1166600307BB2 /* Build configuration list for PBXNativeTarget "ActionSheetViewUITests" */ = {
			isa = XCConfigurationList;
			buildConfigurations = (
				4F0E50A31EA1166600307BB2 /* Debug */,
				4F0E50A41EA1166600307BB2 /* Release */,
			);
			defaultConfigurationIsVisible = 0;
			defaultConfigurationName = Release;
		};
/* End XCConfigurationList section */
	};
	rootObject = 4F0E506C1EA1166600307BB2 /* Project object */;
}
